{
  "nodes": {
    "flake-utils": {
      "locked": {
        "lastModified": 1667395993,
        "narHash": "sha256-nuEHfE/LcWyuSWnS8t12N1wc105Qtau+/OdUAjtQ0rA=",
        "owner": "numtide",
        "repo": "flake-utils",
        "rev": "5aed5285a952e0b949eb3ba02c12fa4fcfef535f",
        "type": "github"
      },
      "original": {
        "owner": "numtide",
        "repo": "flake-utils",
        "type": "github"
      }
    },
    "nixpkgs": {
      "locked": {
        "lastModified": 1669888284,
        "narHash": "sha256-l7STg+lLsdZW1djbpxHuzeTimsZuUxmF7AIpXa5Y0Qg=",
        "owner": "NixOS",
        "repo": "nixpkgs",
        "rev": "d6e589c0235eb681d0b9626467b7d0a28f31bcf6",
        "type": "github"
      },
      "original": {
        "owner": "NixOS",
        "ref": "pull/203898/head",
        "repo": "nixpkgs",
        "type": "github"
      }
    },
    "root": {
      "inputs": {
        "flake-utils": "flake-utils",
        "nixpkgs": "nixpkgs",
        "rust-overlay": "rust-overlay"
      }
    },
    "rust-overlay": {
      "inputs": {
        "flake-utils": [
          "flake-utils"
        ],
        "nixpkgs": [
          "nixpkgs"
        ]
      },
      "locked": {
        "lastModified": 1669862269,
        "narHash": "sha256-/ar+cbAKAxd2Ng9b7EhrIMz9CP353RbmLecvyOidyUM=",
        "owner": "oxalica",
        "repo": "rust-overlay",
        "rev": "bfdf688742cf984c4837dbbe1c6cbca550365613",
        "type": "github"
      },
      "original": {
        "owner": "oxalica",
        "repo": "rust-overlay",
        "type": "github"
      }
    }
  },
  "root": "root",
  "version": 7
}
